// !$*UTF8*$!
{
	archiveVersion = 1;
	classes = {
	};
	objectVersion = 55;
	objects = {

/* Begin PBXBuildFile section */
		05BE7F209F7887C8A213513E /* Pods_LXSummary.framework in Frameworks */ = {isa = PBXBuildFile; fileRef = EE287F85357774DDCA5DF616 /* Pods_LXSummary.framework */; };
		A319E0F992737DF6FD09C777 /* Pods_LXSummaryTests.framework in Frameworks */ = {isa = PBXBuildFile; fileRef = FE50B9CF20090C25BED3A9E5 /* Pods_LXSummaryTests.framework */; };
		F676C30CCF48B246C18D99E0 /* Pods_LXSummary_LXSummaryUITests.framework in Frameworks */ = {isa = PBXBuildFile; fileRef = B0560FCF33D1160F10DAA605 /* Pods_LXSummary_LXSummaryUITests.framework */; };
		FB772A1E2A60FE7100BE41DC /* BaseVC.swift in Sources */ = {isa = PBXBuildFile; fileRef = FB772A1D2A60FE7100BE41DC /* BaseVC.swift */; };
		FB772A262A6112DF00BE41DC /* HomeVC.swift in Sources */ = {isa = PBXBuildFile; fileRef = FB772A252A6112DF00BE41DC /* HomeVC.swift */; };
		FB772A282A6112EC00BE41DC /* TeaVC.swift in Sources */ = {isa = PBXBuildFile; fileRef = FB772A272A6112EC00BE41DC /* TeaVC.swift */; };
		FB772A2A2A61130400BE41DC /* BrowserVC.swift in Sources */ = {isa = PBXBuildFile; fileRef = FB772A292A61130400BE41DC /* BrowserVC.swift */; };
		FB772A2C2A61131100BE41DC /* SettingVC.swift in Sources */ = {isa = PBXBuildFile; fileRef = FB772A2B2A61131100BE41DC /* SettingVC.swift */; };
		FB772A2F2A61134800BE41DC /* LoginVC.swift in Sources */ = {isa = PBXBuildFile; fileRef = FB772A2E2A61134800BE41DC /* LoginVC.swift */; };
		FB772A312A61136C00BE41DC /* RootTabBarVC.swift in Sources */ = {isa = PBXBuildFile; fileRef = FB772A302A61136C00BE41DC /* RootTabBarVC.swift */; };
		FB772A332A61138B00BE41DC /* RootNavigationVC.swift in Sources */ = {isa = PBXBuildFile; fileRef = FB772A322A61138B00BE41DC /* RootNavigationVC.swift */; };
		FB772A362A611D0000BE41DC /* R.generated.swift in Sources */ = {isa = PBXBuildFile; fileRef = FB772A352A611D0000BE41DC /* R.generated.swift */; };
		FB96EB2B2A60DEB70068F81D /* AppDelegate.swift in Sources */ = {isa = PBXBuildFile; fileRef = FB96EB2A2A60DEB70068F81D /* AppDelegate.swift */; };
		FB96EB2D2A60DEB70068F81D /* SceneDelegate.swift in Sources */ = {isa = PBXBuildFile; fileRef = FB96EB2C2A60DEB70068F81D /* SceneDelegate.swift */; };
		FB96EB2F2A60DEB70068F81D /* ViewController.swift in Sources */ = {isa = PBXBuildFile; fileRef = FB96EB2E2A60DEB70068F81D /* ViewController.swift */; };
		FB96EB322A60DEB70068F81D /* Main.storyboard in Resources */ = {isa = PBXBuildFile; fileRef = FB96EB302A60DEB70068F81D /* Main.storyboard */; };
		FB96EB342A60DEB80068F81D /* Assets.xcassets in Resources */ = {isa = PBXBuildFile; fileRef = FB96EB332A60DEB80068F81D /* Assets.xcassets */; };
		FB96EB372A60DEB80068F81D /* LaunchScreen.storyboard in Resources */ = {isa = PBXBuildFile; fileRef = FB96EB352A60DEB80068F81D /* LaunchScreen.storyboard */; };
		FB96EB422A60DEB80068F81D /* LXSummaryTests.swift in Sources */ = {isa = PBXBuildFile; fileRef = FB96EB412A60DEB80068F81D /* LXSummaryTests.swift */; };
		FB96EB4C2A60DEB80068F81D /* LXSummaryUITests.swift in Sources */ = {isa = PBXBuildFile; fileRef = FB96EB4B2A60DEB80068F81D /* LXSummaryUITests.swift */; };
		FB96EB4E2A60DEB80068F81D /* LXSummaryUITestsLaunchTests.swift in Sources */ = {isa = PBXBuildFile; fileRef = FB96EB4D2A60DEB80068F81D /* LXSummaryUITestsLaunchTests.swift */; };
		FBC95C982A613D5F00558E0C /* AppBootstrap.swift in Sources */ = {isa = PBXBuildFile; fileRef = FBC95C972A613D5F00558E0C /* AppBootstrap.swift */; };
		FBC95C9A2A613E6D00558E0C /* AppBootstrap+rootRouter.swift in Sources */ = {isa = PBXBuildFile; fileRef = FBC95C992A613E6D00558E0C /* AppBootstrap+rootRouter.swift */; };
/* End PBXBuildFile section */

/* Begin PBXContainerItemProxy section */
		FB96EB3E2A60DEB80068F81D /* PBXContainerItemProxy */ = {
			isa = PBXContainerItemProxy;
			containerPortal = FB96EB1F2A60DEB70068F81D /* Project object */;
			proxyType = 1;
			remoteGlobalIDString = FB96EB262A60DEB70068F81D;
			remoteInfo = LXSummary;
		};
		FB96EB482A60DEB80068F81D /* PBXContainerItemProxy */ = {
			isa = PBXContainerItemProxy;
			containerPortal = FB96EB1F2A60DEB70068F81D /* Project object */;
			proxyType = 1;
			remoteGlobalIDString = FB96EB262A60DEB70068F81D;
			remoteInfo = LXSummary;
		};
/* End PBXContainerItemProxy section */

/* Begin PBXFileReference section */
		12493A17297879275C581585 /* Pods-LXSummary.release-uat.xcconfig */ = {isa = PBXFileReference; includeInIndex = 1; lastKnownFileType = text.xcconfig; name = "Pods-LXSummary.release-uat.xcconfig"; path = "Target Support Files/Pods-LXSummary/Pods-LXSummary.release-uat.xcconfig"; sourceTree = "<group>"; };
		1B530A84AD165FEBFE19D806 /* Pods-LXSummaryTests.debug-uat.xcconfig */ = {isa = PBXFileReference; includeInIndex = 1; lastKnownFileType = text.xcconfig; name = "Pods-LXSummaryTests.debug-uat.xcconfig"; path = "Target Support Files/Pods-LXSummaryTests/Pods-LXSummaryTests.debug-uat.xcconfig"; sourceTree = "<group>"; };
		33D2861EB3356CA5D6F5F8B2 /* Pods-LXSummary-LXSummaryUITests.debug-uat.xcconfig */ = {isa = PBXFileReference; includeInIndex = 1; lastKnownFileType = text.xcconfig; name = "Pods-LXSummary-LXSummaryUITests.debug-uat.xcconfig"; path = "Target Support Files/Pods-LXSummary-LXSummaryUITests/Pods-LXSummary-LXSummaryUITests.debug-uat.xcconfig"; sourceTree = "<group>"; };
		42BCE390BCCBE71D148B9687 /* Pods-LXSummary-LXSummaryUITests.release-uat.xcconfig */ = {isa = PBXFileReference; includeInIndex = 1; lastKnownFileType = text.xcconfig; name = "Pods-LXSummary-LXSummaryUITests.release-uat.xcconfig"; path = "Target Support Files/Pods-LXSummary-LXSummaryUITests/Pods-LXSummary-LXSummaryUITests.release-uat.xcconfig"; sourceTree = "<group>"; };
		4E41F7920B498B5D7A1FD47F /* Pods-LXSummary-LXSummaryUITests.release.xcconfig */ = {isa = PBXFileReference; includeInIndex = 1; lastKnownFileType = text.xcconfig; name = "Pods-LXSummary-LXSummaryUITests.release.xcconfig"; path = "Target Support Files/Pods-LXSummary-LXSummaryUITests/Pods-LXSummary-LXSummaryUITests.release.xcconfig"; sourceTree = "<group>"; };
		546276647F7A2925BD5A858B /* Pods-LXSummary.debug-uat.xcconfig */ = {isa = PBXFileReference; includeInIndex = 1; lastKnownFileType = text.xcconfig; name = "Pods-LXSummary.debug-uat.xcconfig"; path = "Target Support Files/Pods-LXSummary/Pods-LXSummary.debug-uat.xcconfig"; sourceTree = "<group>"; };
		5A3CA24E632B17307E204DE8 /* Pods-LXSummaryTests.release-uat.xcconfig */ = {isa = PBXFileReference; includeInIndex = 1; lastKnownFileType = text.xcconfig; name = "Pods-LXSummaryTests.release-uat.xcconfig"; path = "Target Support Files/Pods-LXSummaryTests/Pods-LXSummaryTests.release-uat.xcconfig"; sourceTree = "<group>"; };
		7B01F9FC6A04A4A480F94A50 /* Pods-LXSummary.debug.xcconfig */ = {isa = PBXFileReference; includeInIndex = 1; lastKnownFileType = text.xcconfig; name = "Pods-LXSummary.debug.xcconfig"; path = "Target Support Files/Pods-LXSummary/Pods-LXSummary.debug.xcconfig"; sourceTree = "<group>"; };
		A2DA4443167A5A161EAD6E26 /* Pods-LXSummary-LXSummaryUITests.debug.xcconfig */ = {isa = PBXFileReference; includeInIndex = 1; lastKnownFileType = text.xcconfig; name = "Pods-LXSummary-LXSummaryUITests.debug.xcconfig"; path = "Target Support Files/Pods-LXSummary-LXSummaryUITests/Pods-LXSummary-LXSummaryUITests.debug.xcconfig"; sourceTree = "<group>"; };
		B0560FCF33D1160F10DAA605 /* Pods_LXSummary_LXSummaryUITests.framework */ = {isa = PBXFileReference; explicitFileType = wrapper.framework; includeInIndex = 0; path = Pods_LXSummary_LXSummaryUITests.framework; sourceTree = BUILT_PRODUCTS_DIR; };
		CD3863880E9AA7562E4273AC /* Pods-LXSummaryTests.release.xcconfig */ = {isa = PBXFileReference; includeInIndex = 1; lastKnownFileType = text.xcconfig; name = "Pods-LXSummaryTests.release.xcconfig"; path = "Target Support Files/Pods-LXSummaryTests/Pods-LXSummaryTests.release.xcconfig"; sourceTree = "<group>"; };
		CD4B495B72239894703D8507 /* Pods-LXSummaryTests.debug.xcconfig */ = {isa = PBXFileReference; includeInIndex = 1; lastKnownFileType = text.xcconfig; name = "Pods-LXSummaryTests.debug.xcconfig"; path = "Target Support Files/Pods-LXSummaryTests/Pods-LXSummaryTests.debug.xcconfig"; sourceTree = "<group>"; };
		EE287F85357774DDCA5DF616 /* Pods_LXSummary.framework */ = {isa = PBXFileReference; explicitFileType = wrapper.framework; includeInIndex = 0; path = Pods_LXSummary.framework; sourceTree = BUILT_PRODUCTS_DIR; };
		EEB21D4FA7F6058B7E233971 /* Pods-LXSummary.release.xcconfig */ = {isa = PBXFileReference; includeInIndex = 1; lastKnownFileType = text.xcconfig; name = "Pods-LXSummary.release.xcconfig"; path = "Target Support Files/Pods-LXSummary/Pods-LXSummary.release.xcconfig"; sourceTree = "<group>"; };
		FB772A1D2A60FE7100BE41DC /* BaseVC.swift */ = {isa = PBXFileReference; lastKnownFileType = sourcecode.swift; path = BaseVC.swift; sourceTree = "<group>"; };
		FB772A252A6112DF00BE41DC /* HomeVC.swift */ = {isa = PBXFileReference; lastKnownFileType = sourcecode.swift; path = HomeVC.swift; sourceTree = "<group>"; };
		FB772A272A6112EC00BE41DC /* TeaVC.swift */ = {isa = PBXFileReference; lastKnownFileType = sourcecode.swift; path = TeaVC.swift; sourceTree = "<group>"; };
		FB772A292A61130400BE41DC /* BrowserVC.swift */ = {isa = PBXFileReference; lastKnownFileType = sourcecode.swift; path = BrowserVC.swift; sourceTree = "<group>"; };
		FB772A2B2A61131100BE41DC /* SettingVC.swift */ = {isa = PBXFileReference; lastKnownFileType = sourcecode.swift; path = SettingVC.swift; sourceTree = "<group>"; };
		FB772A2E2A61134800BE41DC /* LoginVC.swift */ = {isa = PBXFileReference; lastKnownFileType = sourcecode.swift; path = LoginVC.swift; sourceTree = "<group>"; };
		FB772A302A61136C00BE41DC /* RootTabBarVC.swift */ = {isa = PBXFileReference; lastKnownFileType = sourcecode.swift; path = RootTabBarVC.swift; sourceTree = "<group>"; };
		FB772A322A61138B00BE41DC /* RootNavigationVC.swift */ = {isa = PBXFileReference; lastKnownFileType = sourcecode.swift; path = RootNavigationVC.swift; sourceTree = "<group>"; };
		FB772A352A611D0000BE41DC /* R.generated.swift */ = {isa = PBXFileReference; fileEncoding = 4; lastKnownFileType = sourcecode.swift; path = R.generated.swift; sourceTree = SOURCE_ROOT; };
		FB96EB272A60DEB70068F81D /* LXSummary.app */ = {isa = PBXFileReference; explicitFileType = wrapper.application; includeInIndex = 0; path = LXSummary.app; sourceTree = BUILT_PRODUCTS_DIR; };
		FB96EB2A2A60DEB70068F81D /* AppDelegate.swift */ = {isa = PBXFileReference; lastKnownFileType = sourcecode.swift; path = AppDelegate.swift; sourceTree = "<group>"; };
		FB96EB2C2A60DEB70068F81D /* SceneDelegate.swift */ = {isa = PBXFileReference; lastKnownFileType = sourcecode.swift; path = SceneDelegate.swift; sourceTree = "<group>"; };
		FB96EB2E2A60DEB70068F81D /* ViewController.swift */ = {isa = PBXFileReference; lastKnownFileType = sourcecode.swift; path = ViewController.swift; sourceTree = "<group>"; };
		FB96EB312A60DEB70068F81D /* Base */ = {isa = PBXFileReference; lastKnownFileType = file.storyboard; name = Base; path = Base.lproj/Main.storyboard; sourceTree = "<group>"; };
		FB96EB332A60DEB80068F81D /* Assets.xcassets */ = {isa = PBXFileReference; lastKnownFileType = folder.assetcatalog; path = Assets.xcassets; sourceTree = "<group>"; };
		FB96EB362A60DEB80068F81D /* Base */ = {isa = PBXFileReference; lastKnownFileType = file.storyboard; name = Base; path = Base.lproj/LaunchScreen.storyboard; sourceTree = "<group>"; };
		FB96EB382A60DEB80068F81D /* Info.plist */ = {isa = PBXFileReference; lastKnownFileType = text.plist.xml; path = Info.plist; sourceTree = "<group>"; };
		FB96EB3D2A60DEB80068F81D /* LXSummaryTests.xctest */ = {isa = PBXFileReference; explicitFileType = wrapper.cfbundle; includeInIndex = 0; path = LXSummaryTests.xctest; sourceTree = BUILT_PRODUCTS_DIR; };
		FB96EB412A60DEB80068F81D /* LXSummaryTests.swift */ = {isa = PBXFileReference; lastKnownFileType = sourcecode.swift; path = LXSummaryTests.swift; sourceTree = "<group>"; };
		FB96EB472A60DEB80068F81D /* LXSummaryUITests.xctest */ = {isa = PBXFileReference; explicitFileType = wrapper.cfbundle; includeInIndex = 0; path = LXSummaryUITests.xctest; sourceTree = BUILT_PRODUCTS_DIR; };
		FB96EB4B2A60DEB80068F81D /* LXSummaryUITests.swift */ = {isa = PBXFileReference; lastKnownFileType = sourcecode.swift; path = LXSummaryUITests.swift; sourceTree = "<group>"; };
		FB96EB4D2A60DEB80068F81D /* LXSummaryUITestsLaunchTests.swift */ = {isa = PBXFileReference; lastKnownFileType = sourcecode.swift; path = LXSummaryUITestsLaunchTests.swift; sourceTree = "<group>"; };
		FBC95C972A613D5F00558E0C /* AppBootstrap.swift */ = {isa = PBXFileReference; lastKnownFileType = sourcecode.swift; path = AppBootstrap.swift; sourceTree = "<group>"; };
		FBC95C992A613E6D00558E0C /* AppBootstrap+rootRouter.swift */ = {isa = PBXFileReference; lastKnownFileType = sourcecode.swift; path = "AppBootstrap+rootRouter.swift"; sourceTree = "<group>"; };
		FE50B9CF20090C25BED3A9E5 /* Pods_LXSummaryTests.framework */ = {isa = PBXFileReference; explicitFileType = wrapper.framework; includeInIndex = 0; path = Pods_LXSummaryTests.framework; sourceTree = BUILT_PRODUCTS_DIR; };
/* End PBXFileReference section */

/* Begin PBXFrameworksBuildPhase section */
		FB96EB242A60DEB70068F81D /* Frameworks */ = {
			isa = PBXFrameworksBuildPhase;
			buildActionMask = 2147483647;
			files = (
				05BE7F209F7887C8A213513E /* Pods_LXSummary.framework in Frameworks */,
			);
			runOnlyForDeploymentPostprocessing = 0;
		};
		FB96EB3A2A60DEB80068F81D /* Frameworks */ = {
			isa = PBXFrameworksBuildPhase;
			buildActionMask = 2147483647;
			files = (
				A319E0F992737DF6FD09C777 /* Pods_LXSummaryTests.framework in Frameworks */,
			);
			runOnlyForDeploymentPostprocessing = 0;
		};
		FB96EB442A60DEB80068F81D /* Frameworks */ = {
			isa = PBXFrameworksBuildPhase;
			buildActionMask = 2147483647;
			files = (
				F676C30CCF48B246C18D99E0 /* Pods_LXSummary_LXSummaryUITests.framework in Frameworks */,
			);
			runOnlyForDeploymentPostprocessing = 0;
		};
/* End PBXFrameworksBuildPhase section */

/* Begin PBXGroup section */
		9F1FD0769B9A1EA455A39898 /* Frameworks */ = {
			isa = PBXGroup;
			children = (
				EE287F85357774DDCA5DF616 /* Pods_LXSummary.framework */,
				B0560FCF33D1160F10DAA605 /* Pods_LXSummary_LXSummaryUITests.framework */,
				FE50B9CF20090C25BED3A9E5 /* Pods_LXSummaryTests.framework */,
			);
			name = Frameworks;
			sourceTree = "<group>";
		};
		DE00207276873C2B4D389938 /* Pods */ = {
			isa = PBXGroup;
			children = (
				7B01F9FC6A04A4A480F94A50 /* Pods-LXSummary.debug.xcconfig */,
				546276647F7A2925BD5A858B /* Pods-LXSummary.debug-uat.xcconfig */,
				EEB21D4FA7F6058B7E233971 /* Pods-LXSummary.release.xcconfig */,
				12493A17297879275C581585 /* Pods-LXSummary.release-uat.xcconfig */,
				A2DA4443167A5A161EAD6E26 /* Pods-LXSummary-LXSummaryUITests.debug.xcconfig */,
				33D2861EB3356CA5D6F5F8B2 /* Pods-LXSummary-LXSummaryUITests.debug-uat.xcconfig */,
				4E41F7920B498B5D7A1FD47F /* Pods-LXSummary-LXSummaryUITests.release.xcconfig */,
				42BCE390BCCBE71D148B9687 /* Pods-LXSummary-LXSummaryUITests.release-uat.xcconfig */,
				CD4B495B72239894703D8507 /* Pods-LXSummaryTests.debug.xcconfig */,
				1B530A84AD165FEBFE19D806 /* Pods-LXSummaryTests.debug-uat.xcconfig */,
				CD3863880E9AA7562E4273AC /* Pods-LXSummaryTests.release.xcconfig */,
				5A3CA24E632B17307E204DE8 /* Pods-LXSummaryTests.release-uat.xcconfig */,
			);
			path = Pods;
			sourceTree = "<group>";
		};
		FB772A162A60F6F800BE41DC /* Main */ = {
			isa = PBXGroup;
			children = (
				FB96EB2A2A60DEB70068F81D /* AppDelegate.swift */,
				FB96EB2C2A60DEB70068F81D /* SceneDelegate.swift */,
			);
			path = Main;
			sourceTree = "<group>";
		};
		FB772A172A60F70500BE41DC /* Resources */ = {
			isa = PBXGroup;
			children = (
				FB96EB2E2A60DEB70068F81D /* ViewController.swift */,
				FB772A352A611D0000BE41DC /* R.generated.swift */,
				FB96EB302A60DEB70068F81D /* Main.storyboard */,
				FB96EB332A60DEB80068F81D /* Assets.xcassets */,
				FB96EB352A60DEB80068F81D /* LaunchScreen.storyboard */,
				FB96EB382A60DEB80068F81D /* Info.plist */,
			);
			name = Resources;
			sourceTree = "<group>";
		};
		FB772A182A60FE2800BE41DC /* Core */ = {
			isa = PBXGroup;
			children = (
				FB772A202A60FED800BE41DC /* AppEnvironment */,
				FB772A1F2A60FECE00BE41DC /* AppBootstrap */,
				FB772A1C2A60FE4800BE41DC /* Tool */,
				FB772A1B2A60FE4200BE41DC /* Network */,
				FB772A1A2A60FE3D00BE41DC /* UI */,
			);
			path = Core;
			sourceTree = "<group>";
		};
		FB772A192A60FE2D00BE41DC /* UI */ = {
			isa = PBXGroup;
			children = (
				FB772A2D2A61133A00BE41DC /* Login */,
				FB772A212A61126700BE41DC /* Home */,
				FB772A232A61127500BE41DC /* Browser */,
				FB772A222A61126C00BE41DC /* Tea */,
				FB772A242A6112C600BE41DC /* Setting */,
			);
			path = UI;
			sourceTree = "<group>";
		};
		FB772A1A2A60FE3D00BE41DC /* UI */ = {
			isa = PBXGroup;
			children = (
				FB772A1D2A60FE7100BE41DC /* BaseVC.swift */,
				FB772A302A61136C00BE41DC /* RootTabBarVC.swift */,
				FB772A322A61138B00BE41DC /* RootNavigationVC.swift */,
			);
			path = UI;
			sourceTree = "<group>";
		};
		FB772A1B2A60FE4200BE41DC /* Network */ = {
			isa = PBXGroup;
			children = (
			);
			path = Network;
			sourceTree = "<group>";
		};
		FB772A1C2A60FE4800BE41DC /* Tool */ = {
			isa = PBXGroup;
			children = (
			);
			path = Tool;
			sourceTree = "<group>";
		};
		FB772A1F2A60FECE00BE41DC /* AppBootstrap */ = {
			isa = PBXGroup;
			children = (
				FBC95C972A613D5F00558E0C /* AppBootstrap.swift */,
				FBC95C992A613E6D00558E0C /* AppBootstrap+rootRouter.swift */,
			);
			path = AppBootstrap;
			sourceTree = "<group>";
		};
		FB772A202A60FED800BE41DC /* AppEnvironment */ = {
			isa = PBXGroup;
			children = (
			);
			path = AppEnvironment;
			sourceTree = "<group>";
		};
		FB772A212A61126700BE41DC /* Home */ = {
			isa = PBXGroup;
			children = (
				FB772A252A6112DF00BE41DC /* HomeVC.swift */,
			);
			path = Home;
			sourceTree = "<group>";
		};
		FB772A222A61126C00BE41DC /* Tea */ = {
			isa = PBXGroup;
			children = (
				FB772A272A6112EC00BE41DC /* TeaVC.swift */,
			);
			path = Tea;
			sourceTree = "<group>";
		};
		FB772A232A61127500BE41DC /* Browser */ = {
			isa = PBXGroup;
			children = (
				FB772A292A61130400BE41DC /* BrowserVC.swift */,
			);
			path = Browser;
			sourceTree = "<group>";
		};
		FB772A242A6112C600BE41DC /* Setting */ = {
			isa = PBXGroup;
			children = (
				FB772A2B2A61131100BE41DC /* SettingVC.swift */,
			);
			path = Setting;
			sourceTree = "<group>";
		};
		FB772A2D2A61133A00BE41DC /* Login */ = {
			isa = PBXGroup;
			children = (
				FB772A2E2A61134800BE41DC /* LoginVC.swift */,
			);
			path = Login;
			sourceTree = "<group>";
		};
		FB96EB1E2A60DEB70068F81D = {
			isa = PBXGroup;
			children = (
				FB96EB292A60DEB70068F81D /* LXSummary */,
				FB96EB402A60DEB80068F81D /* LXSummaryTests */,
				FB96EB4A2A60DEB80068F81D /* LXSummaryUITests */,
				FB96EB282A60DEB70068F81D /* Products */,
				DE00207276873C2B4D389938 /* Pods */,
				9F1FD0769B9A1EA455A39898 /* Frameworks */,
			);
			sourceTree = "<group>";
		};
		FB96EB282A60DEB70068F81D /* Products */ = {
			isa = PBXGroup;
			children = (
				FB96EB272A60DEB70068F81D /* LXSummary.app */,
				FB96EB3D2A60DEB80068F81D /* LXSummaryTests.xctest */,
				FB96EB472A60DEB80068F81D /* LXSummaryUITests.xctest */,
			);
			name = Products;
			sourceTree = "<group>";
		};
		FB96EB292A60DEB70068F81D /* LXSummary */ = {
			isa = PBXGroup;
			children = (
				FB772A192A60FE2D00BE41DC /* UI */,
				FB772A182A60FE2800BE41DC /* Core */,
				FB772A162A60F6F800BE41DC /* Main */,
				FB772A172A60F70500BE41DC /* Resources */,
			);
			path = LXSummary;
			sourceTree = "<group>";
		};
		FB96EB402A60DEB80068F81D /* LXSummaryTests */ = {
			isa = PBXGroup;
			children = (
				FB96EB412A60DEB80068F81D /* LXSummaryTests.swift */,
			);
			path = LXSummaryTests;
			sourceTree = "<group>";
		};
		FB96EB4A2A60DEB80068F81D /* LXSummaryUITests */ = {
			isa = PBXGroup;
			children = (
				FB96EB4B2A60DEB80068F81D /* LXSummaryUITests.swift */,
				FB96EB4D2A60DEB80068F81D /* LXSummaryUITestsLaunchTests.swift */,
			);
			path = LXSummaryUITests;
			sourceTree = "<group>";
		};
/* End PBXGroup section */

/* Begin PBXNativeTarget section */
		FB96EB262A60DEB70068F81D /* LXSummary */ = {
			isa = PBXNativeTarget;
			buildConfigurationList = FB96EB512A60DEB80068F81D /* Build configuration list for PBXNativeTarget "LXSummary" */;
			buildPhases = (
				C58612E739A3D89DA7BB5448 /* [CP] Check Pods Manifest.lock */,
				FB772A342A611B1800BE41DC /* RSwift */,
				FB772A372A61207100BE41DC /* SwiftLint */,
				FB96EB232A60DEB70068F81D /* Sources */,
				FB96EB242A60DEB70068F81D /* Frameworks */,
				FB96EB252A60DEB70068F81D /* Resources */,
				07C32EB619D617131214D220 /* [CP] Embed Pods Frameworks */,
			);
			buildRules = (
			);
			dependencies = (
			);
			name = LXSummary;
			productName = LXSummary;
			productReference = FB96EB272A60DEB70068F81D /* LXSummary.app */;
			productType = "com.apple.product-type.application";
		};
		FB96EB3C2A60DEB80068F81D /* LXSummaryTests */ = {
			isa = PBXNativeTarget;
			buildConfigurationList = FB96EB542A60DEB80068F81D /* Build configuration list for PBXNativeTarget "LXSummaryTests" */;
			buildPhases = (
				E094F6B2B6C6AEAFA0AB5EE9 /* [CP] Check Pods Manifest.lock */,
				FB96EB392A60DEB80068F81D /* Sources */,
				FB96EB3A2A60DEB80068F81D /* Frameworks */,
				FB96EB3B2A60DEB80068F81D /* Resources */,
			);
			buildRules = (
			);
			dependencies = (
				FB96EB3F2A60DEB80068F81D /* PBXTargetDependency */,
			);
			name = LXSummaryTests;
			productName = LXSummaryTests;
			productReference = FB96EB3D2A60DEB80068F81D /* LXSummaryTests.xctest */;
			productType = "com.apple.product-type.bundle.unit-test";
		};
		FB96EB462A60DEB80068F81D /* LXSummaryUITests */ = {
			isa = PBXNativeTarget;
			buildConfigurationList = FB96EB572A60DEB80068F81D /* Build configuration list for PBXNativeTarget "LXSummaryUITests" */;
			buildPhases = (
				CE63DAAEDD86B62509B0DE0B /* [CP] Check Pods Manifest.lock */,
				FB96EB432A60DEB80068F81D /* Sources */,
				FB96EB442A60DEB80068F81D /* Frameworks */,
				FB96EB452A60DEB80068F81D /* Resources */,
				AF84558E531134C1CE89D8AD /* [CP] Embed Pods Frameworks */,
			);
			buildRules = (
			);
			dependencies = (
				FB96EB492A60DEB80068F81D /* PBXTargetDependency */,
			);
			name = LXSummaryUITests;
			productName = LXSummaryUITests;
			productReference = FB96EB472A60DEB80068F81D /* LXSummaryUITests.xctest */;
			productType = "com.apple.product-type.bundle.ui-testing";
		};
/* End PBXNativeTarget section */

/* Begin PBXProject section */
		FB96EB1F2A60DEB70068F81D /* Project object */ = {
			isa = PBXProject;
			attributes = {
				BuildIndependentTargetsInParallel = 1;
				LastSwiftUpdateCheck = 1430;
				LastUpgradeCheck = 1430;
				TargetAttributes = {
					FB96EB262A60DEB70068F81D = {
						CreatedOnToolsVersion = 14.3;
					};
					FB96EB3C2A60DEB80068F81D = {
						CreatedOnToolsVersion = 14.3;
						TestTargetID = FB96EB262A60DEB70068F81D;
					};
					FB96EB462A60DEB80068F81D = {
						CreatedOnToolsVersion = 14.3;
						TestTargetID = FB96EB262A60DEB70068F81D;
					};
				};
			};
			buildConfigurationList = FB96EB222A60DEB70068F81D /* Build configuration list for PBXProject "LXSummary" */;
			compatibilityVersion = "Xcode 13.0";
			developmentRegion = en;
			hasScannedForEncodings = 0;
			knownRegions = (
				en,
				Base,
			);
			mainGroup = FB96EB1E2A60DEB70068F81D;
			productRefGroup = FB96EB282A60DEB70068F81D /* Products */;
			projectDirPath = "";
			projectRoot = "";
			targets = (
				FB96EB262A60DEB70068F81D /* LXSummary */,
				FB96EB3C2A60DEB80068F81D /* LXSummaryTests */,
				FB96EB462A60DEB80068F81D /* LXSummaryUITests */,
			);
		};
/* End PBXProject section */

/* Begin PBXResourcesBuildPhase section */
		FB96EB252A60DEB70068F81D /* Resources */ = {
			isa = PBXResourcesBuildPhase;
			buildActionMask = 2147483647;
			files = (
				FB96EB372A60DEB80068F81D /* LaunchScreen.storyboard in Resources */,
				FB96EB342A60DEB80068F81D /* Assets.xcassets in Resources */,
				FB96EB322A60DEB70068F81D /* Main.storyboard in Resources */,
			);
			runOnlyForDeploymentPostprocessing = 0;
		};
		FB96EB3B2A60DEB80068F81D /* Resources */ = {
			isa = PBXResourcesBuildPhase;
			buildActionMask = 2147483647;
			files = (
			);
			runOnlyForDeploymentPostprocessing = 0;
		};
		FB96EB452A60DEB80068F81D /* Resources */ = {
			isa = PBXResourcesBuildPhase;
			buildActionMask = 2147483647;
			files = (
			);
			runOnlyForDeploymentPostprocessing = 0;
		};
/* End PBXResourcesBuildPhase section */

/* Begin PBXShellScriptBuildPhase section */
		07C32EB619D617131214D220 /* [CP] Embed Pods Frameworks */ = {
			isa = PBXShellScriptBuildPhase;
			buildActionMask = 2147483647;
			files = (
			);
			inputFileListPaths = (
				"${PODS_ROOT}/Target Support Files/Pods-LXSummary/Pods-LXSummary-frameworks-${CONFIGURATION}-input-files.xcfilelist",
			);
			name = "[CP] Embed Pods Frameworks";
			outputFileListPaths = (
				"${PODS_ROOT}/Target Support Files/Pods-LXSummary/Pods-LXSummary-frameworks-${CONFIGURATION}-output-files.xcfilelist",
			);
			runOnlyForDeploymentPostprocessing = 0;
			shellPath = /bin/sh;
			shellScript = "\"${PODS_ROOT}/Target Support Files/Pods-LXSummary/Pods-LXSummary-frameworks.sh\"\n";
			showEnvVarsInLog = 0;
		};
		AF84558E531134C1CE89D8AD /* [CP] Embed Pods Frameworks */ = {
			isa = PBXShellScriptBuildPhase;
			buildActionMask = 2147483647;
			files = (
			);
			inputFileListPaths = (
				"${PODS_ROOT}/Target Support Files/Pods-LXSummary-LXSummaryUITests/Pods-LXSummary-LXSummaryUITests-frameworks-${CONFIGURATION}-input-files.xcfilelist",
			);
			name = "[CP] Embed Pods Frameworks";
			outputFileListPaths = (
				"${PODS_ROOT}/Target Support Files/Pods-LXSummary-LXSummaryUITests/Pods-LXSummary-LXSummaryUITests-frameworks-${CONFIGURATION}-output-files.xcfilelist",
			);
			runOnlyForDeploymentPostprocessing = 0;
			shellPath = /bin/sh;
			shellScript = "\"${PODS_ROOT}/Target Support Files/Pods-LXSummary-LXSummaryUITests/Pods-LXSummary-LXSummaryUITests-frameworks.sh\"\n";
			showEnvVarsInLog = 0;
		};
		C58612E739A3D89DA7BB5448 /* [CP] Check Pods Manifest.lock */ = {
			isa = PBXShellScriptBuildPhase;
			buildActionMask = 2147483647;
			files = (
			);
			inputFileListPaths = (
			);
			inputPaths = (
				"${PODS_PODFILE_DIR_PATH}/Podfile.lock",
				"${PODS_ROOT}/Manifest.lock",
			);
			name = "[CP] Check Pods Manifest.lock";
			outputFileListPaths = (
			);
			outputPaths = (
				"$(DERIVED_FILE_DIR)/Pods-LXSummary-checkManifestLockResult.txt",
			);
			runOnlyForDeploymentPostprocessing = 0;
			shellPath = /bin/sh;
			shellScript = "diff \"${PODS_PODFILE_DIR_PATH}/Podfile.lock\" \"${PODS_ROOT}/Manifest.lock\" > /dev/null\nif [ $? != 0 ] ; then\n    # print error to STDERR\n    echo \"error: The sandbox is not in sync with the Podfile.lock. Run 'pod install' or update your CocoaPods installation.\" >&2\n    exit 1\nfi\n# This output is used by Xcode 'outputs' to avoid re-running this script phase.\necho \"SUCCESS\" > \"${SCRIPT_OUTPUT_FILE_0}\"\n";
			showEnvVarsInLog = 0;
		};
		CE63DAAEDD86B62509B0DE0B /* [CP] Check Pods Manifest.lock */ = {
			isa = PBXShellScriptBuildPhase;
			buildActionMask = 2147483647;
			files = (
			);
			inputFileListPaths = (
			);
			inputPaths = (
				"${PODS_PODFILE_DIR_PATH}/Podfile.lock",
				"${PODS_ROOT}/Manifest.lock",
			);
			name = "[CP] Check Pods Manifest.lock";
			outputFileListPaths = (
			);
			outputPaths = (
				"$(DERIVED_FILE_DIR)/Pods-LXSummary-LXSummaryUITests-checkManifestLockResult.txt",
			);
			runOnlyForDeploymentPostprocessing = 0;
			shellPath = /bin/sh;
			shellScript = "diff \"${PODS_PODFILE_DIR_PATH}/Podfile.lock\" \"${PODS_ROOT}/Manifest.lock\" > /dev/null\nif [ $? != 0 ] ; then\n    # print error to STDERR\n    echo \"error: The sandbox is not in sync with the Podfile.lock. Run 'pod install' or update your CocoaPods installation.\" >&2\n    exit 1\nfi\n# This output is used by Xcode 'outputs' to avoid re-running this script phase.\necho \"SUCCESS\" > \"${SCRIPT_OUTPUT_FILE_0}\"\n";
			showEnvVarsInLog = 0;
		};
		E094F6B2B6C6AEAFA0AB5EE9 /* [CP] Check Pods Manifest.lock */ = {
			isa = PBXShellScriptBuildPhase;
			buildActionMask = 2147483647;
			files = (
			);
			inputFileListPaths = (
			);
			inputPaths = (
				"${PODS_PODFILE_DIR_PATH}/Podfile.lock",
				"${PODS_ROOT}/Manifest.lock",
			);
			name = "[CP] Check Pods Manifest.lock";
			outputFileListPaths = (
			);
			outputPaths = (
				"$(DERIVED_FILE_DIR)/Pods-LXSummaryTests-checkManifestLockResult.txt",
			);
			runOnlyForDeploymentPostprocessing = 0;
			shellPath = /bin/sh;
			shellScript = "diff \"${PODS_PODFILE_DIR_PATH}/Podfile.lock\" \"${PODS_ROOT}/Manifest.lock\" > /dev/null\nif [ $? != 0 ] ; then\n    # print error to STDERR\n    echo \"error: The sandbox is not in sync with the Podfile.lock. Run 'pod install' or update your CocoaPods installation.\" >&2\n    exit 1\nfi\n# This output is used by Xcode 'outputs' to avoid re-running this script phase.\necho \"SUCCESS\" > \"${SCRIPT_OUTPUT_FILE_0}\"\n";
			showEnvVarsInLog = 0;
		};
		FB772A342A611B1800BE41DC /* RSwift */ = {
			isa = PBXShellScriptBuildPhase;
			alwaysOutOfDate = 1;
			buildActionMask = 2147483647;
			files = (
			);
			inputFileListPaths = (
			);
			inputPaths = (
			);
			name = RSwift;
			outputFileListPaths = (
			);
			outputPaths = (
				$SRCROOT/R.generated.swift,
			);
			runOnlyForDeploymentPostprocessing = 0;
			shellPath = /bin/sh;
			shellScript = "# Type a script or drag a script file from your workspace to insert its path.\n\"$PODS_ROOT/R.swift/rswift\" generate \"$SRCROOT/R.generated.swift\"\n";
		};
		FB772A372A61207100BE41DC /* SwiftLint */ = {
			isa = PBXShellScriptBuildPhase;
			buildActionMask = 2147483647;
			files = (
			);
			inputFileListPaths = (
			);
			inputPaths = (
			);
			name = SwiftLint;
			outputFileListPaths = (
			);
			outputPaths = (
			);
			runOnlyForDeploymentPostprocessing = 0;
			shellPath = /bin/sh;
			shellScript = "# Type a script or drag a script file from your workspace to insert its path.\n${PODS_ROOT}/SwiftLint/swiftlint autocorrect --config \".swiftlint.auto.yml\" && ${PODS_ROOT}/SwiftLint/swiftlint\n";
		};
/* End PBXShellScriptBuildPhase section */

/* Begin PBXSourcesBuildPhase section */
		FB96EB232A60DEB70068F81D /* Sources */ = {
			isa = PBXSourcesBuildPhase;
			buildActionMask = 2147483647;
			files = (
				FB96EB2F2A60DEB70068F81D /* ViewController.swift in Sources */,
				FB772A2C2A61131100BE41DC /* SettingVC.swift in Sources */,
				FB772A282A6112EC00BE41DC /* TeaVC.swift in Sources */,
				FB772A262A6112DF00BE41DC /* HomeVC.swift in Sources */,
				FB772A312A61136C00BE41DC /* RootTabBarVC.swift in Sources */,
				FBC95C9A2A613E6D00558E0C /* AppBootstrap+rootRouter.swift in Sources */,
				FBC95C982A613D5F00558E0C /* AppBootstrap.swift in Sources */,
				FB96EB2B2A60DEB70068F81D /* AppDelegate.swift in Sources */,
				FB772A2F2A61134800BE41DC /* LoginVC.swift in Sources */,
				FB96EB2D2A60DEB70068F81D /* SceneDelegate.swift in Sources */,
				FB772A1E2A60FE7100BE41DC /* BaseVC.swift in Sources */,
				FB772A2A2A61130400BE41DC /* BrowserVC.swift in Sources */,
				FB772A332A61138B00BE41DC /* RootNavigationVC.swift in Sources */,
				FB772A362A611D0000BE41DC /* R.generated.swift in Sources */,
			);
			runOnlyForDeploymentPostprocessing = 0;
		};
		FB96EB392A60DEB80068F81D /* Sources */ = {
			isa = PBXSourcesBuildPhase;
			buildActionMask = 2147483647;
			files = (
				FB96EB422A60DEB80068F81D /* LXSummaryTests.swift in Sources */,
			);
			runOnlyForDeploymentPostprocessing = 0;
		};
		FB96EB432A60DEB80068F81D /* Sources */ = {
			isa = PBXSourcesBuildPhase;
			buildActionMask = 2147483647;
			files = (
				FB96EB4C2A60DEB80068F81D /* LXSummaryUITests.swift in Sources */,
				FB96EB4E2A60DEB80068F81D /* LXSummaryUITestsLaunchTests.swift in Sources */,
			);
			runOnlyForDeploymentPostprocessing = 0;
		};
/* End PBXSourcesBuildPhase section */

/* Begin PBXTargetDependency section */
		FB96EB3F2A60DEB80068F81D /* PBXTargetDependency */ = {
			isa = PBXTargetDependency;
			target = FB96EB262A60DEB70068F81D /* LXSummary */;
			targetProxy = FB96EB3E2A60DEB80068F81D /* PBXContainerItemProxy */;
		};
		FB96EB492A60DEB80068F81D /* PBXTargetDependency */ = {
			isa = PBXTargetDependency;
			target = FB96EB262A60DEB70068F81D /* LXSummary */;
			targetProxy = FB96EB482A60DEB80068F81D /* PBXContainerItemProxy */;
		};
/* End PBXTargetDependency section */

/* Begin PBXVariantGroup section */
		FB96EB302A60DEB70068F81D /* Main.storyboard */ = {
			isa = PBXVariantGroup;
			children = (
				FB96EB312A60DEB70068F81D /* Base */,
			);
			name = Main.storyboard;
			sourceTree = "<group>";
		};
		FB96EB352A60DEB80068F81D /* LaunchScreen.storyboard */ = {
			isa = PBXVariantGroup;
			children = (
				FB96EB362A60DEB80068F81D /* Base */,
			);
			name = LaunchScreen.storyboard;
			sourceTree = "<group>";
		};
/* End PBXVariantGroup section */

/* Begin XCBuildConfiguration section */
		FB772A0E2A60EC4E00BE41DC /* Debug-UAT */ = {
			isa = XCBuildConfiguration;
			buildSettings = {
				ALWAYS_SEARCH_USER_PATHS = NO;
				CLANG_ANALYZER_NONNULL = YES;
				CLANG_ANALYZER_NUMBER_OBJECT_CONVERSION = YES_AGGRESSIVE;
				CLANG_CXX_LANGUAGE_STANDARD = "gnu++20";
				CLANG_ENABLE_MODULES = YES;
				CLANG_ENABLE_OBJC_ARC = YES;
				CLANG_ENABLE_OBJC_WEAK = YES;
				CLANG_WARN_BLOCK_CAPTURE_AUTORELEASING = YES;
				CLANG_WARN_BOOL_CONVERSION = YES;
				CLANG_WARN_COMMA = YES;
				CLANG_WARN_CONSTANT_CONVERSION = YES;
				CLANG_WARN_DEPRECATED_OBJC_IMPLEMENTATIONS = YES;
				CLANG_WARN_DIRECT_OBJC_ISA_USAGE = YES_ERROR;
				CLANG_WARN_DOCUMENTATION_COMMENTS = YES;
				CLANG_WARN_EMPTY_BODY = YES;
				CLANG_WARN_ENUM_CONVERSION = YES;
				CLANG_WARN_INFINITE_RECURSION = YES;
				CLANG_WARN_INT_CONVERSION = YES;
				CLANG_WARN_NON_LITERAL_NULL_CONVERSION = YES;
				CLANG_WARN_OBJC_IMPLICIT_RETAIN_SELF = YES;
				CLANG_WARN_OBJC_LITERAL_CONVERSION = YES;
				CLANG_WARN_OBJC_ROOT_CLASS = YES_ERROR;
				CLANG_WARN_QUOTED_INCLUDE_IN_FRAMEWORK_HEADER = YES;
				CLANG_WARN_RANGE_LOOP_ANALYSIS = YES;
				CLANG_WARN_STRICT_PROTOTYPES = YES;
				CLANG_WARN_SUSPICIOUS_MOVE = YES;
				CLANG_WARN_UNGUARDED_AVAILABILITY = YES_AGGRESSIVE;
				CLANG_WARN_UNREACHABLE_CODE = YES;
				CLANG_WARN__DUPLICATE_METHOD_MATCH = YES;
				COPY_PHASE_STRIP = NO;
				DEBUG_INFORMATION_FORMAT = dwarf;
				ENABLE_STRICT_OBJC_MSGSEND = YES;
				ENABLE_TESTABILITY = YES;
				GCC_C_LANGUAGE_STANDARD = gnu11;
				GCC_DYNAMIC_NO_PIC = NO;
				GCC_NO_COMMON_BLOCKS = YES;
				GCC_OPTIMIZATION_LEVEL = 0;
				GCC_PREPROCESSOR_DEFINITIONS = (
					"DEBUG=1",
					"$(inherited)",
				);
				GCC_WARN_64_TO_32_BIT_CONVERSION = YES;
				GCC_WARN_ABOUT_RETURN_TYPE = YES_ERROR;
				GCC_WARN_UNDECLARED_SELECTOR = YES;
				GCC_WARN_UNINITIALIZED_AUTOS = YES_AGGRESSIVE;
				GCC_WARN_UNUSED_FUNCTION = YES;
				GCC_WARN_UNUSED_VARIABLE = YES;
				IPHONEOS_DEPLOYMENT_TARGET = 13.0;
				MTL_ENABLE_DEBUG_INFO = INCLUDE_SOURCE;
				MTL_FAST_MATH = YES;
				ONLY_ACTIVE_ARCH = YES;
				SDKROOT = iphoneos;
				SWIFT_ACTIVE_COMPILATION_CONDITIONS = DEBUG;
				SWIFT_OPTIMIZATION_LEVEL = "-Onone";
			};
			name = "Debug-UAT";
		};
		FB772A0F2A60EC4E00BE41DC /* Debug-UAT */ = {
			isa = XCBuildConfiguration;
			baseConfigurationReference = 546276647F7A2925BD5A858B /* Pods-LXSummary.debug-uat.xcconfig */;
			buildSettings = {
				ASSETCATALOG_COMPILER_APPICON_NAME = app_icon_uat_debug;
				ASSETCATALOG_COMPILER_GLOBAL_ACCENT_COLOR_NAME = AccentColor;
				CODE_SIGN_STYLE = Automatic;
				CURRENT_PROJECT_VERSION = 1;
				DEVELOPMENT_TEAM = 66A78X26DT;
				GENERATE_INFOPLIST_FILE = YES;
				INFOPLIST_FILE = LXSummary/Info.plist;
				INFOPLIST_KEY_CFBundleDisplayName = "UAT-Debug";
				INFOPLIST_KEY_UIApplicationSupportsIndirectInputEvents = YES;
				INFOPLIST_KEY_UILaunchStoryboardName = LaunchScreen;
				INFOPLIST_KEY_UIMainStoryboardFile = Main;
				INFOPLIST_KEY_UISupportedInterfaceOrientations_iPad = "UIInterfaceOrientationPortrait UIInterfaceOrientationPortraitUpsideDown UIInterfaceOrientationLandscapeLeft UIInterfaceOrientationLandscapeRight";
				INFOPLIST_KEY_UISupportedInterfaceOrientations_iPhone = "UIInterfaceOrientationPortrait UIInterfaceOrientationLandscapeLeft UIInterfaceOrientationLandscapeRight";
				LD_RUNPATH_SEARCH_PATHS = (
					"$(inherited)",
					"@executable_path/Frameworks",
				);
				MARKETING_VERSION = 1.0;
				PRODUCT_BUNDLE_IDENTIFIER = lingxiao.dai.LXSummary.uat.debug;
				PRODUCT_NAME = "$(TARGET_NAME)";
				SWIFT_ACTIVE_COMPILATION_CONDITIONS = "DEBUG UAT";
				SWIFT_EMIT_LOC_STRINGS = YES;
				SWIFT_VERSION = 5.0;
				TARGETED_DEVICE_FAMILY = "1,2";
			};
			name = "Debug-UAT";
		};
		FB772A102A60EC4E00BE41DC /* Debug-UAT */ = {
			isa = XCBuildConfiguration;
			baseConfigurationReference = 1B530A84AD165FEBFE19D806 /* Pods-LXSummaryTests.debug-uat.xcconfig */;
			buildSettings = {
				ALWAYS_EMBED_SWIFT_STANDARD_LIBRARIES = YES;
				BUNDLE_LOADER = "$(TEST_HOST)";
				CODE_SIGN_STYLE = Automatic;
				CURRENT_PROJECT_VERSION = 1;
				DEVELOPMENT_TEAM = 66A78X26DT;
				GENERATE_INFOPLIST_FILE = YES;
				IPHONEOS_DEPLOYMENT_TARGET = 13.0;
				MARKETING_VERSION = 1.0;
				PRODUCT_BUNDLE_IDENTIFIER = lingxiao.dai.LXSummaryTests;
				PRODUCT_NAME = "$(TARGET_NAME)";
				SWIFT_EMIT_LOC_STRINGS = NO;
				SWIFT_VERSION = 5.0;
				TARGETED_DEVICE_FAMILY = "1,2";
				TEST_HOST = "$(BUILT_PRODUCTS_DIR)/LXSummary.app/$(BUNDLE_EXECUTABLE_FOLDER_PATH)/LXSummary";
			};
			name = "Debug-UAT";
		};
		FB772A112A60EC4E00BE41DC /* Debug-UAT */ = {
			isa = XCBuildConfiguration;
			baseConfigurationReference = 33D2861EB3356CA5D6F5F8B2 /* Pods-LXSummary-LXSummaryUITests.debug-uat.xcconfig */;
			buildSettings = {
				ALWAYS_EMBED_SWIFT_STANDARD_LIBRARIES = YES;
				CODE_SIGN_STYLE = Automatic;
				CURRENT_PROJECT_VERSION = 1;
				DEVELOPMENT_TEAM = 66A78X26DT;
				GENERATE_INFOPLIST_FILE = YES;
				MARKETING_VERSION = 1.0;
				PRODUCT_BUNDLE_IDENTIFIER = lingxiao.dai.LXSummaryUITests;
				PRODUCT_NAME = "$(TARGET_NAME)";
				SWIFT_EMIT_LOC_STRINGS = NO;
				SWIFT_VERSION = 5.0;
				TARGETED_DEVICE_FAMILY = "1,2";
				TEST_TARGET_NAME = LXSummary;
			};
			name = "Debug-UAT";
		};
		FB772A122A60EC5600BE41DC /* Release-UAT */ = {
			isa = XCBuildConfiguration;
			buildSettings = {
				ALWAYS_SEARCH_USER_PATHS = NO;
				CLANG_ANALYZER_NONNULL = YES;
				CLANG_ANALYZER_NUMBER_OBJECT_CONVERSION = YES_AGGRESSIVE;
				CLANG_CXX_LANGUAGE_STANDARD = "gnu++20";
				CLANG_ENABLE_MODULES = YES;
				CLANG_ENABLE_OBJC_ARC = YES;
				CLANG_ENABLE_OBJC_WEAK = YES;
				CLANG_WARN_BLOCK_CAPTURE_AUTORELEASING = YES;
				CLANG_WARN_BOOL_CONVERSION = YES;
				CLANG_WARN_COMMA = YES;
				CLANG_WARN_CONSTANT_CONVERSION = YES;
				CLANG_WARN_DEPRECATED_OBJC_IMPLEMENTATIONS = YES;
				CLANG_WARN_DIRECT_OBJC_ISA_USAGE = YES_ERROR;
				CLANG_WARN_DOCUMENTATION_COMMENTS = YES;
				CLANG_WARN_EMPTY_BODY = YES;
				CLANG_WARN_ENUM_CONVERSION = YES;
				CLANG_WARN_INFINITE_RECURSION = YES;
				CLANG_WARN_INT_CONVERSION = YES;
				CLANG_WARN_NON_LITERAL_NULL_CONVERSION = YES;
				CLANG_WARN_OBJC_IMPLICIT_RETAIN_SELF = YES;
				CLANG_WARN_OBJC_LITERAL_CONVERSION = YES;
				CLANG_WARN_OBJC_ROOT_CLASS = YES_ERROR;
				CLANG_WARN_QUOTED_INCLUDE_IN_FRAMEWORK_HEADER = YES;
				CLANG_WARN_RANGE_LOOP_ANALYSIS = YES;
				CLANG_WARN_STRICT_PROTOTYPES = YES;
				CLANG_WARN_SUSPICIOUS_MOVE = YES;
				CLANG_WARN_UNGUARDED_AVAILABILITY = YES_AGGRESSIVE;
				CLANG_WARN_UNREACHABLE_CODE = YES;
				CLANG_WARN__DUPLICATE_METHOD_MATCH = YES;
				COPY_PHASE_STRIP = NO;
				DEBUG_INFORMATION_FORMAT = "dwarf-with-dsym";
				ENABLE_NS_ASSERTIONS = NO;
				ENABLE_STRICT_OBJC_MSGSEND = YES;
				GCC_C_LANGUAGE_STANDARD = gnu11;
				GCC_NO_COMMON_BLOCKS = YES;
				GCC_WARN_64_TO_32_BIT_CONVERSION = YES;
				GCC_WARN_ABOUT_RETURN_TYPE = YES_ERROR;
				GCC_WARN_UNDECLARED_SELECTOR = YES;
				GCC_WARN_UNINITIALIZED_AUTOS = YES_AGGRESSIVE;
				GCC_WARN_UNUSED_FUNCTION = YES;
				GCC_WARN_UNUSED_VARIABLE = YES;
				IPHONEOS_DEPLOYMENT_TARGET = 13.0;
				MTL_ENABLE_DEBUG_INFO = NO;
				MTL_FAST_MATH = YES;
				SDKROOT = iphoneos;
				SWIFT_COMPILATION_MODE = wholemodule;
				SWIFT_OPTIMIZATION_LEVEL = "-O";
				VALIDATE_PRODUCT = YES;
			};
			name = "Release-UAT";
		};
		FB772A132A60EC5600BE41DC /* Release-UAT */ = {
			isa = XCBuildConfiguration;
			baseConfigurationReference = 12493A17297879275C581585 /* Pods-LXSummary.release-uat.xcconfig */;
			buildSettings = {
				ASSETCATALOG_COMPILER_APPICON_NAME = app_icon_uat_release;
				ASSETCATALOG_COMPILER_GLOBAL_ACCENT_COLOR_NAME = AccentColor;
				CODE_SIGN_STYLE = Automatic;
				CURRENT_PROJECT_VERSION = 1;
				DEVELOPMENT_TEAM = 66A78X26DT;
				GENERATE_INFOPLIST_FILE = YES;
				INFOPLIST_FILE = LXSummary/Info.plist;
				INFOPLIST_KEY_CFBundleDisplayName = "UAT-Release";
				INFOPLIST_KEY_UIApplicationSupportsIndirectInputEvents = YES;
				INFOPLIST_KEY_UILaunchStoryboardName = LaunchScreen;
				INFOPLIST_KEY_UIMainStoryboardFile = Main;
				INFOPLIST_KEY_UISupportedInterfaceOrientations_iPad = "UIInterfaceOrientationPortrait UIInterfaceOrientationPortraitUpsideDown UIInterfaceOrientationLandscapeLeft UIInterfaceOrientationLandscapeRight";
				INFOPLIST_KEY_UISupportedInterfaceOrientations_iPhone = "UIInterfaceOrientationPortrait UIInterfaceOrientationLandscapeLeft UIInterfaceOrientationLandscapeRight";
				LD_RUNPATH_SEARCH_PATHS = (
					"$(inherited)",
					"@executable_path/Frameworks",
				);
				MARKETING_VERSION = 1.0;
				PRODUCT_BUNDLE_IDENTIFIER = lingxiao.dai.LXSummary.uat.release;
				PRODUCT_NAME = "$(TARGET_NAME)";
				SWIFT_ACTIVE_COMPILATION_CONDITIONS = UAT;
				SWIFT_EMIT_LOC_STRINGS = YES;
				SWIFT_VERSION = 5.0;
				TARGETED_DEVICE_FAMILY = "1,2";
			};
			name = "Release-UAT";
		};
		FB772A142A60EC5600BE41DC /* Release-UAT */ = {
			isa = XCBuildConfiguration;
			baseConfigurationReference = 5A3CA24E632B17307E204DE8 /* Pods-LXSummaryTests.release-uat.xcconfig */;
			buildSettings = {
				ALWAYS_EMBED_SWIFT_STANDARD_LIBRARIES = YES;
				BUNDLE_LOADER = "$(TEST_HOST)";
				CODE_SIGN_STYLE = Automatic;
				CURRENT_PROJECT_VERSION = 1;
				DEVELOPMENT_TEAM = 66A78X26DT;
				GENERATE_INFOPLIST_FILE = YES;
				IPHONEOS_DEPLOYMENT_TARGET = 13.0;
				MARKETING_VERSION = 1.0;
				PRODUCT_BUNDLE_IDENTIFIER = lingxiao.dai.LXSummaryTests;
				PRODUCT_NAME = "$(TARGET_NAME)";
				SWIFT_EMIT_LOC_STRINGS = NO;
				SWIFT_VERSION = 5.0;
				TARGETED_DEVICE_FAMILY = "1,2";
				TEST_HOST = "$(BUILT_PRODUCTS_DIR)/LXSummary.app/$(BUNDLE_EXECUTABLE_FOLDER_PATH)/LXSummary";
			};
			name = "Release-UAT";
		};
		FB772A152A60EC5600BE41DC /* Release-UAT */ = {
			isa = XCBuildConfiguration;
			baseConfigurationReference = 42BCE390BCCBE71D148B9687 /* Pods-LXSummary-LXSummaryUITests.release-uat.xcconfig */;
			buildSettings = {
				ALWAYS_EMBED_SWIFT_STANDARD_LIBRARIES = YES;
				CODE_SIGN_STYLE = Automatic;
				CURRENT_PROJECT_VERSION = 1;
				DEVELOPMENT_TEAM = 66A78X26DT;
				GENERATE_INFOPLIST_FILE = YES;
				MARKETING_VERSION = 1.0;
				PRODUCT_BUNDLE_IDENTIFIER = lingxiao.dai.LXSummaryUITests;
				PRODUCT_NAME = "$(TARGET_NAME)";
				SWIFT_EMIT_LOC_STRINGS = NO;
				SWIFT_VERSION = 5.0;
				TARGETED_DEVICE_FAMILY = "1,2";
				TEST_TARGET_NAME = LXSummary;
			};
			name = "Release-UAT";
		};
		FB96EB4F2A60DEB80068F81D /* Debug */ = {
			isa = XCBuildConfiguration;
			buildSettings = {
				ALWAYS_SEARCH_USER_PATHS = NO;
				CLANG_ANALYZER_NONNULL = YES;
				CLANG_ANALYZER_NUMBER_OBJECT_CONVERSION = YES_AGGRESSIVE;
				CLANG_CXX_LANGUAGE_STANDARD = "gnu++20";
				CLANG_ENABLE_MODULES = YES;
				CLANG_ENABLE_OBJC_ARC = YES;
				CLANG_ENABLE_OBJC_WEAK = YES;
				CLANG_WARN_BLOCK_CAPTURE_AUTORELEASING = YES;
				CLANG_WARN_BOOL_CONVERSION = YES;
				CLANG_WARN_COMMA = YES;
				CLANG_WARN_CONSTANT_CONVERSION = YES;
				CLANG_WARN_DEPRECATED_OBJC_IMPLEMENTATIONS = YES;
				CLANG_WARN_DIRECT_OBJC_ISA_USAGE = YES_ERROR;
				CLANG_WARN_DOCUMENTATION_COMMENTS = YES;
				CLANG_WARN_EMPTY_BODY = YES;
				CLANG_WARN_ENUM_CONVERSION = YES;
				CLANG_WARN_INFINITE_RECURSION = YES;
				CLANG_WARN_INT_CONVERSION = YES;
				CLANG_WARN_NON_LITERAL_NULL_CONVERSION = YES;
				CLANG_WARN_OBJC_IMPLICIT_RETAIN_SELF = YES;
				CLANG_WARN_OBJC_LITERAL_CONVERSION = YES;
				CLANG_WARN_OBJC_ROOT_CLASS = YES_ERROR;
				CLANG_WARN_QUOTED_INCLUDE_IN_FRAMEWORK_HEADER = YES;
				CLANG_WARN_RANGE_LOOP_ANALYSIS = YES;
				CLANG_WARN_STRICT_PROTOTYPES = YES;
				CLANG_WARN_SUSPICIOUS_MOVE = YES;
				CLANG_WARN_UNGUARDED_AVAILABILITY = YES_AGGRESSIVE;
				CLANG_WARN_UNREACHABLE_CODE = YES;
				CLANG_WARN__DUPLICATE_METHOD_MATCH = YES;
				COPY_PHASE_STRIP = NO;
				DEBUG_INFORMATION_FORMAT = dwarf;
				ENABLE_STRICT_OBJC_MSGSEND = YES;
				ENABLE_TESTABILITY = YES;
				GCC_C_LANGUAGE_STANDARD = gnu11;
				GCC_DYNAMIC_NO_PIC = NO;
				GCC_NO_COMMON_BLOCKS = YES;
				GCC_OPTIMIZATION_LEVEL = 0;
				GCC_PREPROCESSOR_DEFINITIONS = (
					"DEBUG=1",
					"$(inherited)",
				);
				GCC_WARN_64_TO_32_BIT_CONVERSION = YES;
				GCC_WARN_ABOUT_RETURN_TYPE = YES_ERROR;
				GCC_WARN_UNDECLARED_SELECTOR = YES;
				GCC_WARN_UNINITIALIZED_AUTOS = YES_AGGRESSIVE;
				GCC_WARN_UNUSED_FUNCTION = YES;
				GCC_WARN_UNUSED_VARIABLE = YES;
				IPHONEOS_DEPLOYMENT_TARGET = 13.0;
				MTL_ENABLE_DEBUG_INFO = INCLUDE_SOURCE;
				MTL_FAST_MATH = YES;
				ONLY_ACTIVE_ARCH = YES;
				SDKROOT = iphoneos;
				SWIFT_ACTIVE_COMPILATION_CONDITIONS = DEBUG;
				SWIFT_OPTIMIZATION_LEVEL = "-Onone";
			};
			name = Debug;
		};
		FB96EB502A60DEB80068F81D /* Release */ = {
			isa = XCBuildConfiguration;
			buildSettings = {
				ALWAYS_SEARCH_USER_PATHS = NO;
				CLANG_ANALYZER_NONNULL = YES;
				CLANG_ANALYZER_NUMBER_OBJECT_CONVERSION = YES_AGGRESSIVE;
				CLANG_CXX_LANGUAGE_STANDARD = "gnu++20";
				CLANG_ENABLE_MODULES = YES;
				CLANG_ENABLE_OBJC_ARC = YES;
				CLANG_ENABLE_OBJC_WEAK = YES;
				CLANG_WARN_BLOCK_CAPTURE_AUTORELEASING = YES;
				CLANG_WARN_BOOL_CONVERSION = YES;
				CLANG_WARN_COMMA = YES;
				CLANG_WARN_CONSTANT_CONVERSION = YES;
				CLANG_WARN_DEPRECATED_OBJC_IMPLEMENTATIONS = YES;
				CLANG_WARN_DIRECT_OBJC_ISA_USAGE = YES_ERROR;
				CLANG_WARN_DOCUMENTATION_COMMENTS = YES;
				CLANG_WARN_EMPTY_BODY = YES;
				CLANG_WARN_ENUM_CONVERSION = YES;
				CLANG_WARN_INFINITE_RECURSION = YES;
				CLANG_WARN_INT_CONVERSION = YES;
				CLANG_WARN_NON_LITERAL_NULL_CONVERSION = YES;
				CLANG_WARN_OBJC_IMPLICIT_RETAIN_SELF = YES;
				CLANG_WARN_OBJC_LITERAL_CONVERSION = YES;
				CLANG_WARN_OBJC_ROOT_CLASS = YES_ERROR;
				CLANG_WARN_QUOTED_INCLUDE_IN_FRAMEWORK_HEADER = YES;
				CLANG_WARN_RANGE_LOOP_ANALYSIS = YES;
				CLANG_WARN_STRICT_PROTOTYPES = YES;
				CLANG_WARN_SUSPICIOUS_MOVE = YES;
				CLANG_WARN_UNGUARDED_AVAILABILITY = YES_AGGRESSIVE;
				CLANG_WARN_UNREACHABLE_CODE = YES;
				CLANG_WARN__DUPLICATE_METHOD_MATCH = YES;
				COPY_PHASE_STRIP = NO;
				DEBUG_INFORMATION_FORMAT = "dwarf-with-dsym";
				ENABLE_NS_ASSERTIONS = NO;
				ENABLE_STRICT_OBJC_MSGSEND = YES;
				GCC_C_LANGUAGE_STANDARD = gnu11;
				GCC_NO_COMMON_BLOCKS = YES;
				GCC_WARN_64_TO_32_BIT_CONVERSION = YES;
				GCC_WARN_ABOUT_RETURN_TYPE = YES_ERROR;
				GCC_WARN_UNDECLARED_SELECTOR = YES;
				GCC_WARN_UNINITIALIZED_AUTOS = YES_AGGRESSIVE;
				GCC_WARN_UNUSED_FUNCTION = YES;
				GCC_WARN_UNUSED_VARIABLE = YES;
				IPHONEOS_DEPLOYMENT_TARGET = 13.0;
				MTL_ENABLE_DEBUG_INFO = NO;
				MTL_FAST_MATH = YES;
				SDKROOT = iphoneos;
				SWIFT_COMPILATION_MODE = wholemodule;
				SWIFT_OPTIMIZATION_LEVEL = "-O";
				VALIDATE_PRODUCT = YES;
			};
			name = Release;
		};
		FB96EB522A60DEB80068F81D /* Debug */ = {
			isa = XCBuildConfiguration;
			baseConfigurationReference = 7B01F9FC6A04A4A480F94A50 /* Pods-LXSummary.debug.xcconfig */;
			buildSettings = {
				ASSETCATALOG_COMPILER_APPICON_NAME = app_icon_prd_debug;
				ASSETCATALOG_COMPILER_GLOBAL_ACCENT_COLOR_NAME = AccentColor;
				CODE_SIGN_STYLE = Automatic;
				CURRENT_PROJECT_VERSION = 1;
				DEVELOPMENT_TEAM = 66A78X26DT;
				GENERATE_INFOPLIST_FILE = YES;
				INFOPLIST_FILE = LXSummary/Info.plist;
				INFOPLIST_KEY_CFBundleDisplayName = "总结-Debug";
				INFOPLIST_KEY_UIApplicationSupportsIndirectInputEvents = YES;
				INFOPLIST_KEY_UILaunchStoryboardName = LaunchScreen;
				INFOPLIST_KEY_UIMainStoryboardFile = Main;
				INFOPLIST_KEY_UISupportedInterfaceOrientations_iPad = "UIInterfaceOrientationPortrait UIInterfaceOrientationPortraitUpsideDown UIInterfaceOrientationLandscapeLeft UIInterfaceOrientationLandscapeRight";
				INFOPLIST_KEY_UISupportedInterfaceOrientations_iPhone = "UIInterfaceOrientationPortrait UIInterfaceOrientationLandscapeLeft UIInterfaceOrientationLandscapeRight";
				LD_RUNPATH_SEARCH_PATHS = (
					"$(inherited)",
					"@executable_path/Frameworks",
				);
				MARKETING_VERSION = 1.0;
				PRODUCT_BUNDLE_IDENTIFIER = lingxiao.dai.LXSummary.debug;
				PRODUCT_NAME = "$(TARGET_NAME)";
				SWIFT_ACTIVE_COMPILATION_CONDITIONS = "DEBUG PROD";
				SWIFT_EMIT_LOC_STRINGS = YES;
				SWIFT_VERSION = 5.0;
				TARGETED_DEVICE_FAMILY = "1,2";
			};
			name = Debug;
		};
		FB96EB532A60DEB80068F81D /* Release */ = {
			isa = XCBuildConfiguration;
			baseConfigurationReference = EEB21D4FA7F6058B7E233971 /* Pods-LXSummary.release.xcconfig */;
			buildSettings = {
				ASSETCATALOG_COMPILER_APPICON_NAME = app_icon_prd_release;
				ASSETCATALOG_COMPILER_GLOBAL_ACCENT_COLOR_NAME = AccentColor;
				CODE_SIGN_STYLE = Automatic;
				CURRENT_PROJECT_VERSION = 1;
				DEVELOPMENT_TEAM = 66A78X26DT;
				GENERATE_INFOPLIST_FILE = YES;
				INFOPLIST_FILE = LXSummary/Info.plist;
				INFOPLIST_KEY_CFBundleDisplayName = "总结";
				INFOPLIST_KEY_UIApplicationSupportsIndirectInputEvents = YES;
				INFOPLIST_KEY_UILaunchStoryboardName = LaunchScreen;
				INFOPLIST_KEY_UIMainStoryboardFile = Main;
				INFOPLIST_KEY_UISupportedInterfaceOrientations_iPad = "UIInterfaceOrientationPortrait UIInterfaceOrientationPortraitUpsideDown UIInterfaceOrientationLandscapeLeft UIInterfaceOrientationLandscapeRight";
				INFOPLIST_KEY_UISupportedInterfaceOrientations_iPhone = "UIInterfaceOrientationPortrait UIInterfaceOrientationLandscapeLeft UIInterfaceOrientationLandscapeRight";
				LD_RUNPATH_SEARCH_PATHS = (
					"$(inherited)",
					"@executable_path/Frameworks",
				);
				MARKETING_VERSION = 1.0;
				PRODUCT_BUNDLE_IDENTIFIER = lingxiao.dai.LXSummary;
				PRODUCT_NAME = "$(TARGET_NAME)";
				SWIFT_ACTIVE_COMPILATION_CONDITIONS = PROD;
				SWIFT_EMIT_LOC_STRINGS = YES;
				SWIFT_VERSION = 5.0;
				TARGETED_DEVICE_FAMILY = "1,2";
			};
			name = Release;
		};
		FB96EB552A60DEB80068F81D /* Debug */ = {
			isa = XCBuildConfiguration;
			baseConfigurationReference = CD4B495B72239894703D8507 /* Pods-LXSummaryTests.debug.xcconfig */;
			buildSettings = {
				ALWAYS_EMBED_SWIFT_STANDARD_LIBRARIES = YES;
				BUNDLE_LOADER = "$(TEST_HOST)";
				CODE_SIGN_STYLE = Automatic;
				CURRENT_PROJECT_VERSION = 1;
				DEVELOPMENT_TEAM = 66A78X26DT;
				GENERATE_INFOPLIST_FILE = YES;
				IPHONEOS_DEPLOYMENT_TARGET = 13.0;
				MARKETING_VERSION = 1.0;
				PRODUCT_BUNDLE_IDENTIFIER = lingxiao.dai.LXSummaryTests;
				PRODUCT_NAME = "$(TARGET_NAME)";
				SWIFT_EMIT_LOC_STRINGS = NO;
				SWIFT_VERSION = 5.0;
				TARGETED_DEVICE_FAMILY = "1,2";
				TEST_HOST = "$(BUILT_PRODUCTS_DIR)/LXSummary.app/$(BUNDLE_EXECUTABLE_FOLDER_PATH)/LXSummary";
			};
			name = Debug;
		};
		FB96EB562A60DEB80068F81D /* Release */ = {
			isa = XCBuildConfiguration;
			baseConfigurationReference = CD3863880E9AA7562E4273AC /* Pods-LXSummaryTests.release.xcconfig */;
			buildSettings = {
				ALWAYS_EMBED_SWIFT_STANDARD_LIBRARIES = YES;
				BUNDLE_LOADER = "$(TEST_HOST)";
				CODE_SIGN_STYLE = Automatic;
				CURRENT_PROJECT_VERSION = 1;
				DEVELOPMENT_TEAM = 66A78X26DT;
				GENERATE_INFOPLIST_FILE = YES;
				IPHONEOS_DEPLOYMENT_TARGET = 13.0;
				MARKETING_VERSION = 1.0;
				PRODUCT_BUNDLE_IDENTIFIER = lingxiao.dai.LXSummaryTests;
				PRODUCT_NAME = "$(TARGET_NAME)";
				SWIFT_EMIT_LOC_STRINGS = NO;
				SWIFT_VERSION = 5.0;
				TARGETED_DEVICE_FAMILY = "1,2";
				TEST_HOST = "$(BUILT_PRODUCTS_DIR)/LXSummary.app/$(BUNDLE_EXECUTABLE_FOLDER_PATH)/LXSummary";
			};
			name = Release;
		};
		FB96EB582A60DEB80068F81D /* Debug */ = {
			isa = XCBuildConfiguration;
			baseConfigurationReference = A2DA4443167A5A161EAD6E26 /* Pods-LXSummary-LXSummaryUITests.debug.xcconfig */;
			buildSettings = {
				ALWAYS_EMBED_SWIFT_STANDARD_LIBRARIES = YES;
				CODE_SIGN_STYLE = Automatic;
				CURRENT_PROJECT_VERSION = 1;
				DEVELOPMENT_TEAM = 66A78X26DT;
				GENERATE_INFOPLIST_FILE = YES;
				MARKETING_VERSION = 1.0;
				PRODUCT_BUNDLE_IDENTIFIER = lingxiao.dai.LXSummaryUITests;
				PRODUCT_NAME = "$(TARGET_NAME)";
				SWIFT_EMIT_LOC_STRINGS = NO;
				SWIFT_VERSION = 5.0;
				TARGETED_DEVICE_FAMILY = "1,2";
				TEST_TARGET_NAME = LXSummary;
			};
			name = Debug;
		};
		FB96EB592A60DEB80068F81D /* Release */ = {
			isa = XCBuildConfiguration;
			baseConfigurationReference = 4E41F7920B498B5D7A1FD47F /* Pods-LXSummary-LXSummaryUITests.release.xcconfig */;
			buildSettings = {
				ALWAYS_EMBED_SWIFT_STANDARD_LIBRARIES = YES;
				CODE_SIGN_STYLE = Automatic;
				CURRENT_PROJECT_VERSION = 1;
				DEVELOPMENT_TEAM = 66A78X26DT;
				GENERATE_INFOPLIST_FILE = YES;
				MARKETING_VERSION = 1.0;
				PRODUCT_BUNDLE_IDENTIFIER = lingxiao.dai.LXSummaryUITests;
				PRODUCT_NAME = "$(TARGET_NAME)";
				SWIFT_EMIT_LOC_STRINGS = NO;
				SWIFT_VERSION = 5.0;
				TARGETED_DEVICE_FAMILY = "1,2";
				TEST_TARGET_NAME = LXSummary;
			};
			name = Release;
		};
/* End XCBuildConfiguration section */

/* Begin XCConfigurationList section */
		FB96EB222A60DEB70068F81D /* Build configuration list for PBXProject "LXSummary" */ = {
			isa = XCConfigurationList;
			buildConfigurations = (
				FB96EB4F2A60DEB80068F81D /* Debug */,
				FB772A0E2A60EC4E00BE41DC /* Debug-UAT */,
				FB96EB502A60DEB80068F81D /* Release */,
				FB772A122A60EC5600BE41DC /* Release-UAT */,
			);
			defaultConfigurationIsVisible = 0;
			defaultConfigurationName = Release;
		};
		FB96EB512A60DEB80068F81D /* Build configuration list for PBXNativeTarget "LXSummary" */ = {
			isa = XCConfigurationList;
			buildConfigurations = (
				FB96EB522A60DEB80068F81D /* Debug */,
				FB772A0F2A60EC4E00BE41DC /* Debug-UAT */,
				FB96EB532A60DEB80068F81D /* Release */,
				FB772A132A60EC5600BE41DC /* Release-UAT */,
			);
			defaultConfigurationIsVisible = 0;
			defaultConfigurationName = Release;
		};
		FB96EB542A60DEB80068F81D /* Build configuration list for PBXNativeTarget "LXSummaryTests" */ = {
			isa = XCConfigurationList;
			buildConfigurations = (
				FB96EB552A60DEB80068F81D /* Debug */,
				FB772A102A60EC4E00BE41DC /* Debug-UAT */,
				FB96EB562A60DEB80068F81D /* Release */,
				FB772A142A60EC5600BE41DC /* Release-UAT */,
			);
			defaultConfigurationIsVisible = 0;
			defaultConfigurationName = Release;
		};
		FB96EB572A60DEB80068F81D /* Build configuration list for PBXNativeTarget "LXSummaryUITests" */ = {
			isa = XCConfigurationList;
			buildConfigurations = (
				FB96EB582A60DEB80068F81D /* Debug */,
				FB772A112A60EC4E00BE41DC /* Debug-UAT */,
				FB96EB592A60DEB80068F81D /* Release */,
				FB772A152A60EC5600BE41DC /* Release-UAT */,
			);
			defaultConfigurationIsVisible = 0;
			defaultConfigurationName = Release;
		};
/* End XCConfigurationList section */
	};
	rootObject = FB96EB1F2A60DEB70068F81D /* Project object */;
}
